
Microsoft Visual Studio Solution File, Format Version 12.00
# Visual Studio 15
VisualStudioVersion = 15.0.28307.757
MinimumVisualStudioVersion = 10.0.40219.1
Project("{FAE04EC0-301F-11D3-BF4B-00C04F79EFBC}") = "TGbot", "TGbot\TGbot.csproj", "{1D79FABC-2BA2-4604-A4B6-045027340C85}"
EndProject
Global
	GlobalSection(SolutionConfigurationPlatforms) = preSolution
		Debug|Any CPU = Debug|Any CPU
		Release|Any CPU = Release|Any CPU
	EndGlobalSection
	GlobalSection(ProjectConfigurationPlatforms) = postSolution
		{1D79FABC-2BA2-4604-A4B6-045027340C85}.Debug|Any CPU.ActiveCfg = Debug|Any CPU
		{1D79FABC-2BA2-4604-A4B6-045027340C85}.Debug|Any CPU.Build.0 = Debug|Any CPU
		{1D79FABC-2BA2-4604-A4B6-045027340C85}.Release|Any CPU.ActiveCfg = Release|Any CPU
		{1D79FABC-2BA2-4604-A4B6-045027340C85}.Release|Any CPU.Build.0 = Release|Any CPU
	EndGlobalSection
	GlobalSection(SolutionProperties) = preSolution
		HideSolutionNode = FALSE
	EndGlobalSection
	GlobalSection(ExtensibilityGlobals) = postSolution
		SolutionGuid = {8812890B-E3DD-4597-BC9D-641C6FB94EC5}
	EndGlobalSection
EndGlobal
